
Microsoft Visual Studio Solution File, Format Version 12.00
# Visual Studio 15
VisualStudioVersion = 15.0.27130.2020
MinimumVisualStudioVersion = 10.0.40219.1
Project("{FAE04EC0-301F-11D3-BF4B-00C04F79EFBC}") = "DistanceInLabyrinth", "DistanceInLabyrinth\DistanceInLabyrinth.csproj", "{7708BFA8-CC6D-4A2B-A826-9EF026D0381C}"
EndProject
Global
	GlobalSection(SolutionConfigurationPlatforms) = preSolution
		Debug|Any CPU = Debug|Any CPU
		Release|Any CPU = Release|Any CPU
	EndGlobalSection
	GlobalSection(ProjectConfigurationPlatforms) = postSolution
		{7708BFA8-CC6D-4A2B-A826-9EF026D0381C}.Debug|Any CPU.ActiveCfg = Debug|Any CPU
		{7708BFA8-CC6D-4A2B-A826-9EF026D0381C}.Debug|Any CPU.Build.0 = Debug|Any CPU
		{7708BFA8-CC6D-4A2B-A826-9EF026D0381C}.Release|Any CPU.ActiveCfg = Release|Any CPU
		{7708BFA8-CC6D-4A2B-A826-9EF026D0381C}.Release|Any CPU.Build.0 = Release|Any CPU
	EndGlobalSection
	GlobalSection(SolutionProperties) = preSolution
		HideSolutionNode = FALSE
	EndGlobalSection
	GlobalSection(ExtensibilityGlobals) = postSolution
		SolutionGuid = {E951369B-7E2E-441C-9275-EFC7F9C67ACE}
	EndGlobalSection
EndGlobal
