
Microsoft Visual Studio Solution File, Format Version 12.00
# Visual Studio 15
VisualStudioVersion = 15.0.27130.2020
MinimumVisualStudioVersion = 10.0.40219.1
Project("{FAE04EC0-301F-11D3-BF4B-00C04F79EFBC}") = "01_PermutationsWithoutRepetition", "01_PermutationsWithoutRepetition\01_PermutationsWithoutRepetition.csproj", "{5AEF9C6C-C838-4900-AF0D-1B0756914614}"
EndProject
Project("{FAE04EC0-301F-11D3-BF4B-00C04F79EFBC}") = "02_PermutationsWithRepetition", "02_PermutationsWithRepetition\02_PermutationsWithRepetition.csproj", "{C8C40A38-FE43-45FA-8126-8E0B540C924D}"
EndProject
Project("{FAE04EC0-301F-11D3-BF4B-00C04F79EFBC}") = "03_VariationsВithoutRepetition", "03_VariationsВithoutRepetition\03_VariationsВithoutRepetition.csproj", "{9915E74E-343E-4B8A-AB0B-6554540B176B}"
EndProject
Project("{FAE04EC0-301F-11D3-BF4B-00C04F79EFBC}") = "04_VariationsWithRepetition", "04_VariationsWithRepetition\04_VariationsWithRepetition.csproj", "{5DB73444-0C2F-49E0-9D5A-1D0BB72BBB37}"
EndProject
Global
	GlobalSection(SolutionConfigurationPlatforms) = preSolution
		Debug|Any CPU = Debug|Any CPU
		Release|Any CPU = Release|Any CPU
	EndGlobalSection
	GlobalSection(ProjectConfigurationPlatforms) = postSolution
		{5AEF9C6C-C838-4900-AF0D-1B0756914614}.Debug|Any CPU.ActiveCfg = Debug|Any CPU
		{5AEF9C6C-C838-4900-AF0D-1B0756914614}.Debug|Any CPU.Build.0 = Debug|Any CPU
		{5AEF9C6C-C838-4900-AF0D-1B0756914614}.Release|Any CPU.ActiveCfg = Release|Any CPU
		{5AEF9C6C-C838-4900-AF0D-1B0756914614}.Release|Any CPU.Build.0 = Release|Any CPU
		{C8C40A38-FE43-45FA-8126-8E0B540C924D}.Debug|Any CPU.ActiveCfg = Debug|Any CPU
		{C8C40A38-FE43-45FA-8126-8E0B540C924D}.Debug|Any CPU.Build.0 = Debug|Any CPU
		{C8C40A38-FE43-45FA-8126-8E0B540C924D}.Release|Any CPU.ActiveCfg = Release|Any CPU
		{C8C40A38-FE43-45FA-8126-8E0B540C924D}.Release|Any CPU.Build.0 = Release|Any CPU
		{9915E74E-343E-4B8A-AB0B-6554540B176B}.Debug|Any CPU.ActiveCfg = Debug|Any CPU
		{9915E74E-343E-4B8A-AB0B-6554540B176B}.Debug|Any CPU.Build.0 = Debug|Any CPU
		{9915E74E-343E-4B8A-AB0B-6554540B176B}.Release|Any CPU.ActiveCfg = Release|Any CPU
		{9915E74E-343E-4B8A-AB0B-6554540B176B}.Release|Any CPU.Build.0 = Release|Any CPU
		{5DB73444-0C2F-49E0-9D5A-1D0BB72BBB37}.Debug|Any CPU.ActiveCfg = Debug|Any CPU
		{5DB73444-0C2F-49E0-9D5A-1D0BB72BBB37}.Debug|Any CPU.Build.0 = Debug|Any CPU
		{5DB73444-0C2F-49E0-9D5A-1D0BB72BBB37}.Release|Any CPU.ActiveCfg = Release|Any CPU
		{5DB73444-0C2F-49E0-9D5A-1D0BB72BBB37}.Release|Any CPU.Build.0 = Release|Any CPU
	EndGlobalSection
	GlobalSection(SolutionProperties) = preSolution
		HideSolutionNode = FALSE
	EndGlobalSection
	GlobalSection(ExtensibilityGlobals) = postSolution
		SolutionGuid = {19BBE863-3694-4784-9F84-B419BF6CC53D}
	EndGlobalSection
EndGlobal
