
Microsoft Visual Studio Solution File, Format Version 12.00
# Visual Studio 15
VisualStudioVersion = 15.0.27130.2020
MinimumVisualStudioVersion = 10.0.40219.1
Project("{FAE04EC0-301F-11D3-BF4B-00C04F79EFBC}") = "RecursiveFactorial", "RecursiveFactorial\RecursiveFactorial.csproj", "{D4D899BA-D4B0-43C6-86E4-C656A842C4A7}"
EndProject
Global
	GlobalSection(SolutionConfigurationPlatforms) = preSolution
		Debug|Any CPU = Debug|Any CPU
		Release|Any CPU = Release|Any CPU
	EndGlobalSection
	GlobalSection(ProjectConfigurationPlatforms) = postSolution
		{D4D899BA-D4B0-43C6-86E4-C656A842C4A7}.Debug|Any CPU.ActiveCfg = Debug|Any CPU
		{D4D899BA-D4B0-43C6-86E4-C656A842C4A7}.Debug|Any CPU.Build.0 = Debug|Any CPU
		{D4D899BA-D4B0-43C6-86E4-C656A842C4A7}.Release|Any CPU.ActiveCfg = Release|Any CPU
		{D4D899BA-D4B0-43C6-86E4-C656A842C4A7}.Release|Any CPU.Build.0 = Release|Any CPU
	EndGlobalSection
	GlobalSection(SolutionProperties) = preSolution
		HideSolutionNode = FALSE
	EndGlobalSection
	GlobalSection(ExtensibilityGlobals) = postSolution
		SolutionGuid = {B5B1ACB7-A07E-47FE-A75E-F9F1AEB7D21E}
	EndGlobalSection
EndGlobal
