
Microsoft Visual Studio Solution File, Format Version 12.00
# Visual Studio Express 14 for Windows Desktop
VisualStudioVersion = 14.0.25420.1
MinimumVisualStudioVersion = 10.0.40219.1
Project("{FAE04EC0-301F-11D3-BF4B-00C04F79EFBC}") = "01. Count Work Days", "01. Count Work Days\01. Count Work Days.csproj", "{93617FBC-B54F-4582-9563-A6F3A8F97ADA}"
EndProject
Global
	GlobalSection(SolutionConfigurationPlatforms) = preSolution
		Debug|Any CPU = Debug|Any CPU
		Release|Any CPU = Release|Any CPU
	EndGlobalSection
	GlobalSection(ProjectConfigurationPlatforms) = postSolution
		{93617FBC-B54F-4582-9563-A6F3A8F97ADA}.Debug|Any CPU.ActiveCfg = Debug|Any CPU
		{93617FBC-B54F-4582-9563-A6F3A8F97ADA}.Debug|Any CPU.Build.0 = Debug|Any CPU
		{93617FBC-B54F-4582-9563-A6F3A8F97ADA}.Release|Any CPU.ActiveCfg = Release|Any CPU
		{93617FBC-B54F-4582-9563-A6F3A8F97ADA}.Release|Any CPU.Build.0 = Release|Any CPU
	EndGlobalSection
	GlobalSection(SolutionProperties) = preSolution
		HideSolutionNode = FALSE
	EndGlobalSection
EndGlobal
