
Microsoft Visual Studio Solution File, Format Version 12.00
# Visual Studio 15
VisualStudioVersion = 15.0.27130.2020
MinimumVisualStudioVersion = 10.0.40219.1
Project("{FAE04EC0-301F-11D3-BF4B-00C04F79EFBC}") = "Blocks", "Blocks\Blocks.csproj", "{65C0A075-692F-4D71-95AB-354B8401E921}"
EndProject
Project("{FAE04EC0-301F-11D3-BF4B-00C04F79EFBC}") = "ZigzagMatrix", "ZigzagMatrix\ZigzagMatrix.csproj", "{20888280-7502-4A9A-B156-BC82A73FD47C}"
EndProject
Global
	GlobalSection(SolutionConfigurationPlatforms) = preSolution
		Debug|Any CPU = Debug|Any CPU
		Release|Any CPU = Release|Any CPU
	EndGlobalSection
	GlobalSection(ProjectConfigurationPlatforms) = postSolution
		{65C0A075-692F-4D71-95AB-354B8401E921}.Debug|Any CPU.ActiveCfg = Debug|Any CPU
		{65C0A075-692F-4D71-95AB-354B8401E921}.Debug|Any CPU.Build.0 = Debug|Any CPU
		{65C0A075-692F-4D71-95AB-354B8401E921}.Release|Any CPU.ActiveCfg = Release|Any CPU
		{65C0A075-692F-4D71-95AB-354B8401E921}.Release|Any CPU.Build.0 = Release|Any CPU
		{20888280-7502-4A9A-B156-BC82A73FD47C}.Debug|Any CPU.ActiveCfg = Debug|Any CPU
		{20888280-7502-4A9A-B156-BC82A73FD47C}.Debug|Any CPU.Build.0 = Debug|Any CPU
		{20888280-7502-4A9A-B156-BC82A73FD47C}.Release|Any CPU.ActiveCfg = Release|Any CPU
		{20888280-7502-4A9A-B156-BC82A73FD47C}.Release|Any CPU.Build.0 = Release|Any CPU
	EndGlobalSection
	GlobalSection(SolutionProperties) = preSolution
		HideSolutionNode = FALSE
	EndGlobalSection
	GlobalSection(ExtensibilityGlobals) = postSolution
		SolutionGuid = {FC238074-EE56-4ECD-ACB9-0FE4B080FFC1}
	EndGlobalSection
EndGlobal
