
Microsoft Visual Studio Solution File, Format Version 12.00
# Visual Studio Express 14 for Windows Desktop
VisualStudioVersion = 14.0.25420.1
MinimumVisualStudioVersion = 10.0.40219.1
Project("{FAE04EC0-301F-11D3-BF4B-00C04F79EFBC}") = "01. Softuni Coffee Orders", "01. Softuni Coffee Orders\01. Softuni Coffee Orders.csproj", "{9E4CF70B-949C-48C1-A452-2489BC972E59}"
EndProject
Project("{FAE04EC0-301F-11D3-BF4B-00C04F79EFBC}") = "02. Command Interpreter", "02. Command Interpreter\02. Command Interpreter.csproj", "{687C7FE0-7767-4371-B446-70E839EB10B8}"
EndProject
Project("{FAE04EC0-301F-11D3-BF4B-00C04F79EFBC}") = "03. Rage Quit", "03. Rage Quit\03. Rage Quit.csproj", "{DF63F152-4E91-4F07-B512-CB7AA25FA61F}"
EndProject
Project("{FAE04EC0-301F-11D3-BF4B-00C04F79EFBC}") = "04. Files", "04. Files\04. Files.csproj", "{E642067C-B6A4-42A0-B67B-15E9C1912D30}"
EndProject
Global
	GlobalSection(SolutionConfigurationPlatforms) = preSolution
		Debug|Any CPU = Debug|Any CPU
		Release|Any CPU = Release|Any CPU
	EndGlobalSection
	GlobalSection(ProjectConfigurationPlatforms) = postSolution
		{9E4CF70B-949C-48C1-A452-2489BC972E59}.Debug|Any CPU.ActiveCfg = Debug|Any CPU
		{9E4CF70B-949C-48C1-A452-2489BC972E59}.Debug|Any CPU.Build.0 = Debug|Any CPU
		{9E4CF70B-949C-48C1-A452-2489BC972E59}.Release|Any CPU.ActiveCfg = Release|Any CPU
		{9E4CF70B-949C-48C1-A452-2489BC972E59}.Release|Any CPU.Build.0 = Release|Any CPU
		{687C7FE0-7767-4371-B446-70E839EB10B8}.Debug|Any CPU.ActiveCfg = Debug|Any CPU
		{687C7FE0-7767-4371-B446-70E839EB10B8}.Debug|Any CPU.Build.0 = Debug|Any CPU
		{687C7FE0-7767-4371-B446-70E839EB10B8}.Release|Any CPU.ActiveCfg = Release|Any CPU
		{687C7FE0-7767-4371-B446-70E839EB10B8}.Release|Any CPU.Build.0 = Release|Any CPU
		{DF63F152-4E91-4F07-B512-CB7AA25FA61F}.Debug|Any CPU.ActiveCfg = Debug|Any CPU
		{DF63F152-4E91-4F07-B512-CB7AA25FA61F}.Debug|Any CPU.Build.0 = Debug|Any CPU
		{DF63F152-4E91-4F07-B512-CB7AA25FA61F}.Release|Any CPU.ActiveCfg = Release|Any CPU
		{DF63F152-4E91-4F07-B512-CB7AA25FA61F}.Release|Any CPU.Build.0 = Release|Any CPU
		{E642067C-B6A4-42A0-B67B-15E9C1912D30}.Debug|Any CPU.ActiveCfg = Debug|Any CPU
		{E642067C-B6A4-42A0-B67B-15E9C1912D30}.Debug|Any CPU.Build.0 = Debug|Any CPU
		{E642067C-B6A4-42A0-B67B-15E9C1912D30}.Release|Any CPU.ActiveCfg = Release|Any CPU
		{E642067C-B6A4-42A0-B67B-15E9C1912D30}.Release|Any CPU.Build.0 = Release|Any CPU
	EndGlobalSection
	GlobalSection(SolutionProperties) = preSolution
		HideSolutionNode = FALSE
	EndGlobalSection
EndGlobal
